
Microsoft Visual Studio Solution File, Format Version 12.00
# Visual Studio Version 17
VisualStudioVersion = 17.5.33530.505
MinimumVisualStudioVersion = 10.0.40219.1
Project("{9A19103F-16F7-4668-BE54-9A1E7A4F7556}") = "QplixChallenge", "QplixChallenge\QplixChallenge.csproj", "{22C9C522-EB3E-46DD-8764-746CC4ACA5CF}"
EndProject
Project("{FAE04EC0-301F-11D3-BF4B-00C04F79EFBC}") = "Test", "Test\Test.csproj", "{053ED25F-9F4B-4399-8688-0878EE5F0D84}"
EndProject
Global
	GlobalSection(SolutionConfigurationPlatforms) = preSolution
		Debug|Any CPU = Debug|Any CPU
		Release|Any CPU = Release|Any CPU
	EndGlobalSection
	GlobalSection(ProjectConfigurationPlatforms) = postSolution
		{22C9C522-EB3E-46DD-8764-746CC4ACA5CF}.Debug|Any CPU.ActiveCfg = Debug|Any CPU
		{22C9C522-EB3E-46DD-8764-746CC4ACA5CF}.Debug|Any CPU.Build.0 = Debug|Any CPU
		{22C9C522-EB3E-46DD-8764-746CC4ACA5CF}.Release|Any CPU.ActiveCfg = Release|Any CPU
		{22C9C522-EB3E-46DD-8764-746CC4ACA5CF}.Release|Any CPU.Build.0 = Release|Any CPU
		{053ED25F-9F4B-4399-8688-0878EE5F0D84}.Debug|Any CPU.ActiveCfg = Debug|Any CPU
		{053ED25F-9F4B-4399-8688-0878EE5F0D84}.Debug|Any CPU.Build.0 = Debug|Any CPU
		{053ED25F-9F4B-4399-8688-0878EE5F0D84}.Release|Any CPU.ActiveCfg = Release|Any CPU
		{053ED25F-9F4B-4399-8688-0878EE5F0D84}.Release|Any CPU.Build.0 = Release|Any CPU
	EndGlobalSection
	GlobalSection(SolutionProperties) = preSolution
		HideSolutionNode = FALSE
	EndGlobalSection
	GlobalSection(ExtensibilityGlobals) = postSolution
		SolutionGuid = {5A0E0F68-3A03-4EA8-B535-F0600D585C4C}
	EndGlobalSection
EndGlobal
